// !$*UTF8*$!
{
	archiveVersion = 1;
	classes = {
	};
	objectVersion = 50;
	objects = {

/* Begin PBXBuildFile section */
		3B3B67E421AEF1C600DDC3B6 /* CompletedTaskVC.swift in Sources */ = {isa = PBXBuildFile; fileRef = 3B3B67E321AEF1C600DDC3B6 /* CompletedTaskVC.swift */; };
		3B3B67E621AEF1F100DDC3B6 /* IncompleteTasksVC.swift in Sources */ = {isa = PBXBuildFile; fileRef = 3B3B67E521AEF1F100DDC3B6 /* IncompleteTasksVC.swift */; };
		3B3B67E821AEF20C00DDC3B6 /* AddTaskVC.swift in Sources */ = {isa = PBXBuildFile; fileRef = 3B3B67E721AEF20C00DDC3B6 /* AddTaskVC.swift */; };
		3B3B67EA21AEF21E00DDC3B6 /* DetailsVC.swift in Sources */ = {isa = PBXBuildFile; fileRef = 3B3B67E921AEF21E00DDC3B6 /* DetailsVC.swift */; };
		3B3B67EC21AEF23000DDC3B6 /* EditTaskVC.swift in Sources */ = {isa = PBXBuildFile; fileRef = 3B3B67EB21AEF23000DDC3B6 /* EditTaskVC.swift */; };
		3BC9C18421AC70DC00E30507 /* AppDelegate.swift in Sources */ = {isa = PBXBuildFile; fileRef = 3BC9C18321AC70DC00E30507 /* AppDelegate.swift */; };
		3BC9C18921AC70DC00E30507 /* Main.storyboard in Resources */ = {isa = PBXBuildFile; fileRef = 3BC9C18721AC70DC00E30507 /* Main.storyboard */; };
		3BC9C18B21AC70DD00E30507 /* Assets.xcassets in Resources */ = {isa = PBXBuildFile; fileRef = 3BC9C18A21AC70DD00E30507 /* Assets.xcassets */; };
		3BC9C18E21AC70DD00E30507 /* LaunchScreen.storyboard in Resources */ = {isa = PBXBuildFile; fileRef = 3BC9C18C21AC70DD00E30507 /* LaunchScreen.storyboard */; };
		3BC9C19721AC742A00E30507 /* AllTasksVC.swift in Sources */ = {isa = PBXBuildFile; fileRef = 3BC9C19621AC742A00E30507 /* AllTasksVC.swift */; };
		3BC9C19A21AC766300E30507 /* Task.swift in Sources */ = {isa = PBXBuildFile; fileRef = 3BC9C19921AC766300E30507 /* Task.swift */; };
		3BC9C19C21AC767700E30507 /* TaskLibrary.swift in Sources */ = {isa = PBXBuildFile; fileRef = 3BC9C19B21AC767700E30507 /* TaskLibrary.swift */; };
		3BC9C19F21AC8F9F00E30507 /* TaskCell.swift in Sources */ = {isa = PBXBuildFile; fileRef = 3BC9C19E21AC8F9F00E30507 /* TaskCell.swift */; };
/* End PBXBuildFile section */

/* Begin PBXFileReference section */
		3B3B67E321AEF1C600DDC3B6 /* CompletedTaskVC.swift */ = {isa = PBXFileReference; lastKnownFileType = sourcecode.swift; path = CompletedTaskVC.swift; sourceTree = "<group>"; };
		3B3B67E521AEF1F100DDC3B6 /* IncompleteTasksVC.swift */ = {isa = PBXFileReference; lastKnownFileType = sourcecode.swift; path = IncompleteTasksVC.swift; sourceTree = "<group>"; };
		3B3B67E721AEF20C00DDC3B6 /* AddTaskVC.swift */ = {isa = PBXFileReference; lastKnownFileType = sourcecode.swift; path = AddTaskVC.swift; sourceTree = "<group>"; };
		3B3B67E921AEF21E00DDC3B6 /* DetailsVC.swift */ = {isa = PBXFileReference; lastKnownFileType = sourcecode.swift; path = DetailsVC.swift; sourceTree = "<group>"; };
		3B3B67EB21AEF23000DDC3B6 /* EditTaskVC.swift */ = {isa = PBXFileReference; lastKnownFileType = sourcecode.swift; path = EditTaskVC.swift; sourceTree = "<group>"; };
		3BC9C18021AC70DC00E30507 /* TaskManagerIOS.app */ = {isa = PBXFileReference; explicitFileType = wrapper.application; includeInIndex = 0; path = TaskManagerIOS.app; sourceTree = BUILT_PRODUCTS_DIR; };
		3BC9C18321AC70DC00E30507 /* AppDelegate.swift */ = {isa = PBXFileReference; lastKnownFileType = sourcecode.swift; path = AppDelegate.swift; sourceTree = "<group>"; };
		3BC9C18821AC70DC00E30507 /* Base */ = {isa = PBXFileReference; lastKnownFileType = file.storyboard; name = Base; path = Base.lproj/Main.storyboard; sourceTree = "<group>"; };
		3BC9C18A21AC70DD00E30507 /* Assets.xcassets */ = {isa = PBXFileReference; lastKnownFileType = folder.assetcatalog; path = Assets.xcassets; sourceTree = "<group>"; };
		3BC9C18D21AC70DD00E30507 /* Base */ = {isa = PBXFileReference; lastKnownFileType = file.storyboard; name = Base; path = Base.lproj/LaunchScreen.storyboard; sourceTree = "<group>"; };
		3BC9C18F21AC70DD00E30507 /* Info.plist */ = {isa = PBXFileReference; lastKnownFileType = text.plist.xml; path = Info.plist; sourceTree = "<group>"; };
		3BC9C19621AC742A00E30507 /* AllTasksVC.swift */ = {isa = PBXFileReference; lastKnownFileType = sourcecode.swift; path = AllTasksVC.swift; sourceTree = "<group>"; };
		3BC9C19921AC766300E30507 /* Task.swift */ = {isa = PBXFileReference; lastKnownFileType = sourcecode.swift; path = Task.swift; sourceTree = "<group>"; };
		3BC9C19B21AC767700E30507 /* TaskLibrary.swift */ = {isa = PBXFileReference; lastKnownFileType = sourcecode.swift; path = TaskLibrary.swift; sourceTree = "<group>"; };
		3BC9C19E21AC8F9F00E30507 /* TaskCell.swift */ = {isa = PBXFileReference; lastKnownFileType = sourcecode.swift; path = TaskCell.swift; sourceTree = "<group>"; };
/* End PBXFileReference section */

/* Begin PBXFrameworksBuildPhase section */
		3BC9C17D21AC70DC00E30507 /* Frameworks */ = {
			isa = PBXFrameworksBuildPhase;
			buildActionMask = 2147483647;
			files = (
			);
			runOnlyForDeploymentPostprocessing = 0;
		};
/* End PBXFrameworksBuildPhase section */

/* Begin PBXGroup section */
		3BC9C17721AC70DC00E30507 = {
			isa = PBXGroup;
			children = (
				3BC9C18221AC70DC00E30507 /* TaskManagerIOS */,
				3BC9C18121AC70DC00E30507 /* Products */,
			);
			sourceTree = "<group>";
		};
		3BC9C18121AC70DC00E30507 /* Products */ = {
			isa = PBXGroup;
			children = (
				3BC9C18021AC70DC00E30507 /* TaskManagerIOS.app */,
			);
			name = Products;
			sourceTree = "<group>";
		};
		3BC9C18221AC70DC00E30507 /* TaskManagerIOS */ = {
			isa = PBXGroup;
			children = (
				3BC9C19D21AC8F7900E30507 /* Cells */,
				3BC9C19821AC764900E30507 /* Models */,
				3BC9C19521AC73D600E30507 /* ViewControllers */,
				3BC9C18721AC70DC00E30507 /* Main.storyboard */,
				3BC9C18321AC70DC00E30507 /* AppDelegate.swift */,
				3BC9C18A21AC70DD00E30507 /* Assets.xcassets */,
				3BC9C18C21AC70DD00E30507 /* LaunchScreen.storyboard */,
				3BC9C18F21AC70DD00E30507 /* Info.plist */,
			);
			path = TaskManagerIOS;
			sourceTree = "<group>";
		};
		3BC9C19521AC73D600E30507 /* ViewControllers */ = {
			isa = PBXGroup;
			children = (
				3BC9C19621AC742A00E30507 /* AllTasksVC.swift */,
				3B3B67E721AEF20C00DDC3B6 /* AddTaskVC.swift */,
				3B3B67EB21AEF23000DDC3B6 /* EditTaskVC.swift */,
				3B3B67E921AEF21E00DDC3B6 /* DetailsVC.swift */,
				3B3B67E521AEF1F100DDC3B6 /* IncompleteTasksVC.swift */,
				3B3B67E321AEF1C600DDC3B6 /* CompletedTaskVC.swift */,
			);
			path = ViewControllers;
			sourceTree = "<group>";
		};
		3BC9C19821AC764900E30507 /* Models */ = {
			isa = PBXGroup;
			children = (
				3BC9C19921AC766300E30507 /* Task.swift */,
				3BC9C19B21AC767700E30507 /* TaskLibrary.swift */,
			);
			path = Models;
			sourceTree = "<group>";
		};
		3BC9C19D21AC8F7900E30507 /* Cells */ = {
			isa = PBXGroup;
			children = (
				3BC9C19E21AC8F9F00E30507 /* TaskCell.swift */,
			);
			path = Cells;
			sourceTree = "<group>";
		};
/* End PBXGroup section */

/* Begin PBXNativeTarget section */
		3BC9C17F21AC70DC00E30507 /* TaskManagerIOS */ = {
			isa = PBXNativeTarget;
			buildConfigurationList = 3BC9C19221AC70DD00E30507 /* Build configuration list for PBXNativeTarget "TaskManagerIOS" */;
			buildPhases = (
				3BC9C17C21AC70DC00E30507 /* Sources */,
				3BC9C17D21AC70DC00E30507 /* Frameworks */,
				3BC9C17E21AC70DC00E30507 /* Resources */,
			);
			buildRules = (
			);
			dependencies = (
			);
			name = TaskManagerIOS;
			productName = TaskManagerIOS;
			productReference = 3BC9C18021AC70DC00E30507 /* TaskManagerIOS.app */;
			productType = "com.apple.product-type.application";
		};
/* End PBXNativeTarget section */

/* Begin PBXProject section */
		3BC9C17821AC70DC00E30507 /* Project object */ = {
			isa = PBXProject;
			attributes = {
				LastSwiftUpdateCheck = 1010;
				LastUpgradeCheck = 1010;
				ORGANIZATIONNAME = "Briley Barron";
				TargetAttributes = {
					3BC9C17F21AC70DC00E30507 = {
						CreatedOnToolsVersion = 10.1;
					};
				};
			};
			buildConfigurationList = 3BC9C17B21AC70DC00E30507 /* Build configuration list for PBXProject "TaskManagerIOS" */;
			compatibilityVersion = "Xcode 9.3";
			developmentRegion = en;
			hasScannedForEncodings = 0;
			knownRegions = (
				en,
				Base,
			);
			mainGroup = 3BC9C17721AC70DC00E30507;
			productRefGroup = 3BC9C18121AC70DC00E30507 /* Products */;
			projectDirPath = "";
			projectRoot = "";
			targets = (
				3BC9C17F21AC70DC00E30507 /* TaskManagerIOS */,
			);
		};
/* End PBXProject section */

/* Begin PBXResourcesBuildPhase section */
		3BC9C17E21AC70DC00E30507 /* Resources */ = {
			isa = PBXResourcesBuildPhase;
			buildActionMask = 2147483647;
			files = (
				3BC9C18E21AC70DD00E30507 /* LaunchScreen.storyboard in Resources */,
				3BC9C18B21AC70DD00E30507 /* Assets.xcassets in Resources */,
				3BC9C18921AC70DC00E30507 /* Main.storyboard in Resources */,
			);
			runOnlyForDeploymentPostprocessing = 0;
		};
/* End PBXResourcesBuildPhase section */

/* Begin PBXSourcesBuildPhase section */
		3BC9C17C21AC70DC00E30507 /* Sources */ = {
			isa = PBXSourcesBuildPhase;
			buildActionMask = 2147483647;
			files = (
				3BC9C19C21AC767700E30507 /* TaskLibrary.swift in Sources */,
				3B3B67EC21AEF23000DDC3B6 /* EditTaskVC.swift in Sources */,
				3B3B67E421AEF1C600DDC3B6 /* CompletedTaskVC.swift in Sources */,
				3BC9C18421AC70DC00E30507 /* AppDelegate.swift in Sources */,
				3BC9C19A21AC766300E30507 /* Task.swift in Sources */,
				3BC9C19721AC742A00E30507 /* AllTasksVC.swift in Sources */,
				3BC9C19F21AC8F9F00E30507 /* TaskCell.swift in Sources */,
				3B3B67E821AEF20C00DDC3B6 /* AddTaskVC.swift in Sources */,
				3B3B67E621AEF1F100DDC3B6 /* IncompleteTasksVC.swift in Sources */,
				3B3B67EA21AEF21E00DDC3B6 /* DetailsVC.swift in Sources */,
			);
			runOnlyForDeploymentPostprocessing = 0;
		};
/* End PBXSourcesBuildPhase section */

/* Begin PBXVariantGroup section */
		3BC9C18721AC70DC00E30507 /* Main.storyboard */ = {
			isa = PBXVariantGroup;
			children = (
				3BC9C18821AC70DC00E30507 /* Base */,
			);
			name = Main.storyboard;
			sourceTree = "<group>";
		};
		3BC9C18C21AC70DD00E30507 /* LaunchScreen.storyboard */ = {
			isa = PBXVariantGroup;
			children = (
				3BC9C18D21AC70DD00E30507 /* Base */,
			);
			name = LaunchScreen.storyboard;
			sourceTree = "<group>";
		};
/* End PBXVariantGroup section */

/* Begin XCBuildConfiguration section */
		3BC9C19021AC70DD00E30507 /* Debug */ = {
			isa = XCBuildConfiguration;
			buildSettings = {
				ALWAYS_SEARCH_USER_PATHS = NO;
				CLANG_ANALYZER_NONNULL = YES;
				CLANG_ANALYZER_NUMBER_OBJECT_CONVERSION = YES_AGGRESSIVE;
				CLANG_CXX_LANGUAGE_STANDARD = "gnu++14";
				CLANG_CXX_LIBRARY = "libc++";
				CLANG_ENABLE_MODULES = YES;
				CLANG_ENABLE_OBJC_ARC = YES;
				CLANG_ENABLE_OBJC_WEAK = YES;
				CLANG_WARN_BLOCK_CAPTURE_AUTORELEASING = YES;
				CLANG_WARN_BOOL_CONVERSION = YES;
				CLANG_WARN_COMMA = YES;
				CLANG_WARN_CONSTANT_CONVERSION = YES;
				CLANG_WARN_DEPRECATED_OBJC_IMPLEMENTATIONS = YES;
				CLANG_WARN_DIRECT_OBJC_ISA_USAGE = YES_ERROR;
				CLANG_WARN_DOCUMENTATION_COMMENTS = YES;
				CLANG_WARN_EMPTY_BODY = YES;
				CLANG_WARN_ENUM_CONVERSION = YES;
				CLANG_WARN_INFINITE_RECURSION = YES;
				CLANG_WARN_INT_CONVERSION = YES;
				CLANG_WARN_NON_LITERAL_NULL_CONVERSION = YES;
				CLANG_WARN_OBJC_IMPLICIT_RETAIN_SELF = YES;
				CLANG_WARN_OBJC_LITERAL_CONVERSION = YES;
				CLANG_WARN_OBJC_ROOT_CLASS = YES_ERROR;
				CLANG_WARN_RANGE_LOOP_ANALYSIS = YES;
				CLANG_WARN_STRICT_PROTOTYPES = YES;
				CLANG_WARN_SUSPICIOUS_MOVE = YES;
				CLANG_WARN_UNGUARDED_AVAILABILITY = YES_AGGRESSIVE;
				CLANG_WARN_UNREACHABLE_CODE = YES;
				CLANG_WARN__DUPLICATE_METHOD_MATCH = YES;
				CODE_SIGN_IDENTITY = "iPhone Developer";
				COPY_PHASE_STRIP = NO;
				DEBUG_INFORMATION_FORMAT = dwarf;
				ENABLE_STRICT_OBJC_MSGSEND = YES;
				ENABLE_TESTABILITY = YES;
				GCC_C_LANGUAGE_STANDARD = gnu11;
				GCC_DYNAMIC_NO_PIC = NO;
				GCC_NO_COMMON_BLOCKS = YES;
				GCC_OPTIMIZATION_LEVEL = 0;
				GCC_PREPROCESSOR_DEFINITIONS = (
					"DEBUG=1",
					"$(inherited)",
				);
				GCC_WARN_64_TO_32_BIT_CONVERSION = YES;
				GCC_WARN_ABOUT_RETURN_TYPE = YES_ERROR;
				GCC_WARN_UNDECLARED_SELECTOR = YES;
				GCC_WARN_UNINITIALIZED_AUTOS = YES_AGGRESSIVE;
				GCC_WARN_UNUSED_FUNCTION = YES;
				GCC_WARN_UNUSED_VARIABLE = YES;
				IPHONEOS_DEPLOYMENT_TARGET = 12.1;
				MTL_ENABLE_DEBUG_INFO = INCLUDE_SOURCE;
				MTL_FAST_MATH = YES;
				ONLY_ACTIVE_ARCH = YES;
				SDKROOT = iphoneos;
				SWIFT_ACTIVE_COMPILATION_CONDITIONS = DEBUG;
				SWIFT_OPTIMIZATION_LEVEL = "-Onone";
			};
			name = Debug;
		};
		3BC9C19121AC70DD00E30507 /* Release */ = {
			isa = XCBuildConfiguration;
			buildSettings = {
				ALWAYS_SEARCH_USER_PATHS = NO;
				CLANG_ANALYZER_NONNULL = YES;
				CLANG_ANALYZER_NUMBER_OBJECT_CONVERSION = YES_AGGRESSIVE;
				CLANG_CXX_LANGUAGE_STANDARD = "gnu++14";
				CLANG_CXX_LIBRARY = "libc++";
				CLANG_ENABLE_MODULES = YES;
				CLANG_ENABLE_OBJC_ARC = YES;
				CLANG_ENABLE_OBJC_WEAK = YES;
				CLANG_WARN_BLOCK_CAPTURE_AUTORELEASING = YES;
				CLANG_WARN_BOOL_CONVERSION = YES;
				CLANG_WARN_COMMA = YES;
				CLANG_WARN_CONSTANT_CONVERSION = YES;
				CLANG_WARN_DEPRECATED_OBJC_IMPLEMENTATIONS = YES;
				CLANG_WARN_DIRECT_OBJC_ISA_USAGE = YES_ERROR;
				CLANG_WARN_DOCUMENTATION_COMMENTS = YES;
				CLANG_WARN_EMPTY_BODY = YES;
				CLANG_WARN_ENUM_CONVERSION = YES;
				CLANG_WARN_INFINITE_RECURSION = YES;
				CLANG_WARN_INT_CONVERSION = YES;
				CLANG_WARN_NON_LITERAL_NULL_CONVERSION = YES;
				CLANG_WARN_OBJC_IMPLICIT_RETAIN_SELF = YES;
				CLANG_WARN_OBJC_LITERAL_CONVERSION = YES;
				CLANG_WARN_OBJC_ROOT_CLASS = YES_ERROR;
				CLANG_WARN_RANGE_LOOP_ANALYSIS = YES;
				CLANG_WARN_STRICT_PROTOTYPES = YES;
				CLANG_WARN_SUSPICIOUS_MOVE = YES;
				CLANG_WARN_UNGUARDED_AVAILABILITY = YES_AGGRESSIVE;
				CLANG_WARN_UNREACHABLE_CODE = YES;
				CLANG_WARN__DUPLICATE_METHOD_MATCH = YES;
				CODE_SIGN_IDENTITY = "iPhone Developer";
				COPY_PHASE_STRIP = NO;
				DEBUG_INFORMATION_FORMAT = "dwarf-with-dsym";
				ENABLE_NS_ASSERTIONS = NO;
				ENABLE_STRICT_OBJC_MSGSEND = YES;
				GCC_C_LANGUAGE_STANDARD = gnu11;
				GCC_NO_COMMON_BLOCKS = YES;
				GCC_WARN_64_TO_32_BIT_CONVERSION = YES;
				GCC_WARN_ABOUT_RETURN_TYPE = YES_ERROR;
				GCC_WARN_UNDECLARED_SELECTOR = YES;
				GCC_WARN_UNINITIALIZED_AUTOS = YES_AGGRESSIVE;
				GCC_WARN_UNUSED_FUNCTION = YES;
				GCC_WARN_UNUSED_VARIABLE = YES;
				IPHONEOS_DEPLOYMENT_TARGET = 12.1;
				MTL_ENABLE_DEBUG_INFO = NO;
				MTL_FAST_MATH = YES;
				SDKROOT = iphoneos;
				SWIFT_COMPILATION_MODE = wholemodule;
				SWIFT_OPTIMIZATION_LEVEL = "-O";
				VALIDATE_PRODUCT = YES;
			};
			name = Release;
		};
		3BC9C19321AC70DD00E30507 /* Debug */ = {
			isa = XCBuildConfiguration;
			buildSettings = {
				ASSETCATALOG_COMPILER_APPICON_NAME = AppIcon;
				CODE_SIGN_STYLE = Automatic;
				DEVELOPMENT_TEAM = TTVLBN33C8;
				INFOPLIST_FILE = TaskManagerIOS/Info.plist;
				LD_RUNPATH_SEARCH_PATHS = (
					"$(inherited)",
					"@executable_path/Frameworks",
				);
				PRODUCT_BUNDLE_IDENTIFIER = com.brileybarron.TaskManagerIOS;
				PRODUCT_NAME = "$(TARGET_NAME)";
				SWIFT_VERSION = 4.2;
				TARGETED_DEVICE_FAMILY = "1,2";
			};
			name = Debug;
		};
		3BC9C19421AC70DD00E30507 /* Release */ = {
			isa = XCBuildConfiguration;
			buildSettings = {
				ASSETCATALOG_COMPILER_APPICON_NAME = AppIcon;
				CODE_SIGN_STYLE = Automatic;
				DEVELOPMENT_TEAM = TTVLBN33C8;
				INFOPLIST_FILE = TaskManagerIOS/Info.plist;
				LD_RUNPATH_SEARCH_PATHS = (
					"$(inherited)",
					"@executable_path/Frameworks",
				);
				PRODUCT_BUNDLE_IDENTIFIER = com.brileybarron.TaskManagerIOS;
				PRODUCT_NAME = "$(TARGET_NAME)";
				SWIFT_VERSION = 4.2;
				TARGETED_DEVICE_FAMILY = "1,2";
			};
			name = Release;
		};
/* End XCBuildConfiguration section */

/* Begin XCConfigurationList section */
		3BC9C17B21AC70DC00E30507 /* Build configuration list for PBXProject "TaskManagerIOS" */ = {
			isa = XCConfigurationList;
			buildConfigurations = (
				3BC9C19021AC70DD00E30507 /* Debug */,
				3BC9C19121AC70DD00E30507 /* Release */,
			);
			defaultConfigurationIsVisible = 0;
			defaultConfigurationName = Release;
		};
		3BC9C19221AC70DD00E30507 /* Build configuration list for PBXNativeTarget "TaskManagerIOS" */ = {
			isa = XCConfigurationList;
			buildConfigurations = (
				3BC9C19321AC70DD00E30507 /* Debug */,
				3BC9C19421AC70DD00E30507 /* Release */,
			);
			defaultConfigurationIsVisible = 0;
			defaultConfigurationName = Release;
		};
/* End XCConfigurationList section */
	};
	rootObject = 3BC9C17821AC70DC00E30507 /* Project object */;
}
